
Microsoft Visual Studio Solution File, Format Version 12.00
# Visual Studio 15
VisualStudioVersion = 15.0.28307.645
MinimumVisualStudioVersion = 10.0.40219.1
Project("{888888A0-9F3D-457C-B088-3A5042F75D52}") = "AzureBatchMaya", "AzureBatchMaya.pyproj", "{F585989B-2DF8-4241-8D02-948958187914}"
EndProject
Global
	GlobalSection(SolutionConfigurationPlatforms) = preSolution
		ArnoldSDKv4.2.3.1|Any CPU = ArnoldSDKv4.2.3.1|Any CPU
		ArnoldSDKv4.2.4.1|Any CPU = ArnoldSDKv4.2.4.1|Any CPU
		Debug|Any CPU = Debug|Any CPU
		Release|Any CPU = Release|Any CPU
	EndGlobalSection
	GlobalSection(ProjectConfigurationPlatforms) = postSolution
		{F585989B-2DF8-4241-8D02-948958187914}.ArnoldSDKv4.2.3.1|Any CPU.ActiveCfg = ArnoldSDKv4.2.3.1|Any CPU
		{F585989B-2DF8-4241-8D02-948958187914}.ArnoldSDKv4.2.4.1|Any CPU.ActiveCfg = ArnoldSDKv4.2.4.1|Any CPU
		{F585989B-2DF8-4241-8D02-948958187914}.Debug|Any CPU.ActiveCfg = Debug|Any CPU
		{F585989B-2DF8-4241-8D02-948958187914}.Release|Any CPU.ActiveCfg = Release|Any CPU
	EndGlobalSection
	GlobalSection(SolutionProperties) = preSolution
		HideSolutionNode = FALSE
	EndGlobalSection
	GlobalSection(ExtensibilityGlobals) = postSolution
		SolutionGuid = {53A23092-78CA-4629-A175-999717F6B42B}
	EndGlobalSection
EndGlobal
